
Microsoft Visual Studio Solution File, Format Version 12.00
# Visual Studio Version 16
VisualStudioVersion = 16.0.29728.190
MinimumVisualStudioVersion = 10.0.40219.1
Project("{FAE04EC0-301F-11D3-BF4B-00C04F79EFBC}") = "ScreenBack", "ScreenBack\ScreenBack.csproj", "{4D7DD729-6AD9-4800-A47F-463725FFA006}"
EndProject
Global
	GlobalSection(SolutionConfigurationPlatforms) = preSolution
		Debug|Any CPU = Debug|Any CPU
		Release|Any CPU = Release|Any CPU
	EndGlobalSection
	GlobalSection(ProjectConfigurationPlatforms) = postSolution
		{4D7DD729-6AD9-4800-A47F-463725FFA006}.Debug|Any CPU.ActiveCfg = Debug|Any CPU
		{4D7DD729-6AD9-4800-A47F-463725FFA006}.Debug|Any CPU.Build.0 = Debug|Any CPU
		{4D7DD729-6AD9-4800-A47F-463725FFA006}.Release|Any CPU.ActiveCfg = Release|Any CPU
		{4D7DD729-6AD9-4800-A47F-463725FFA006}.Release|Any CPU.Build.0 = Release|Any CPU
	EndGlobalSection
	GlobalSection(SolutionProperties) = preSolution
		HideSolutionNode = FALSE
	EndGlobalSection
	GlobalSection(ExtensibilityGlobals) = postSolution
		SolutionGuid = {1E501C60-06DD-4F75-9591-36645D1AB3DC}
	EndGlobalSection
EndGlobal
